
Microsoft Visual Studio Solution File, Format Version 12.00
# Visual Studio Version 16
VisualStudioVersion = 16.0.32228.343
MinimumVisualStudioVersion = 10.0.40219.1
Project("{9A19103F-16F7-4668-BE54-9A1E7A4F7556}") = "PhoneBook", "PhoneBook\PhoneBook.csproj", "{3BEDD88B-786D-4260-BFD8-E8F41BF88838}"
EndProject
Project("{2150E333-8FDC-42A3-9474-1A3956D46DE8}") = "DevExtreme NuGet.config", "DevExtreme NuGet.config", "{3F652240-B3B3-4058-A963-48A898083B2E}"
	ProjectSection(SolutionItems) = preProject
		NuGet.config = NuGet.config
	EndProjectSection
EndProject
Global
	GlobalSection(SolutionConfigurationPlatforms) = preSolution
		Debug|Any CPU = Debug|Any CPU
		Release|Any CPU = Release|Any CPU
	EndGlobalSection
	GlobalSection(ProjectConfigurationPlatforms) = postSolution
		{3BEDD88B-786D-4260-BFD8-E8F41BF88838}.Debug|Any CPU.ActiveCfg = Debug|Any CPU
		{3BEDD88B-786D-4260-BFD8-E8F41BF88838}.Debug|Any CPU.Build.0 = Debug|Any CPU
		{3BEDD88B-786D-4260-BFD8-E8F41BF88838}.Release|Any CPU.ActiveCfg = Release|Any CPU
		{3BEDD88B-786D-4260-BFD8-E8F41BF88838}.Release|Any CPU.Build.0 = Release|Any CPU
	EndGlobalSection
	GlobalSection(SolutionProperties) = preSolution
		HideSolutionNode = FALSE
	EndGlobalSection
	GlobalSection(ExtensibilityGlobals) = postSolution
		SolutionGuid = {2047EE1F-EE40-48A8-B43B-146580172721}
	EndGlobalSection
EndGlobal
